
Microsoft Visual Studio Solution File, Format Version 12.00
Project("{FAE04EC0-301F-11D3-BF4B-00C04F79EFBC}") = "d1p1a", "d1p1a\d1p1a.csproj", "{BA0DFA90-C4FB-472E-B1E8-D9F3417C395F}"
EndProject
Global
	GlobalSection(SolutionConfigurationPlatforms) = preSolution
		Debug|Any CPU = Debug|Any CPU
		Release|Any CPU = Release|Any CPU
	EndGlobalSection
	GlobalSection(ProjectConfigurationPlatforms) = postSolution
		{BA0DFA90-C4FB-472E-B1E8-D9F3417C395F}.Debug|Any CPU.ActiveCfg = Debug|Any CPU
		{BA0DFA90-C4FB-472E-B1E8-D9F3417C395F}.Debug|Any CPU.Build.0 = Debug|Any CPU
		{BA0DFA90-C4FB-472E-B1E8-D9F3417C395F}.Release|Any CPU.ActiveCfg = Release|Any CPU
		{BA0DFA90-C4FB-472E-B1E8-D9F3417C395F}.Release|Any CPU.Build.0 = Release|Any CPU
	EndGlobalSection
EndGlobal
