
Microsoft Visual Studio Solution File, Format Version 12.00
Project("{FAE04EC0-301F-11D3-BF4B-00C04F79EFBC}") = "d1p1a", "d1p1a\d1p1a.csproj", "{BA0DFA90-C4FB-472E-B1E8-D9F3417C395F}"
EndProject
Project("{FAE04EC0-301F-11D3-BF4B-00C04F79EFBC}") = "d1p2a", "d1p2a\d1p2a.csproj", "{EA929935-5257-4346-ABB3-C09CF515DF07}"
EndProject
Project("{FAE04EC0-301F-11D3-BF4B-00C04F79EFBC}") = "d2p1a", "d2p1a\d2p1a.csproj", "{88671421-8DE3-48EC-A709-007A627594EE}"
EndProject
Project("{FAE04EC0-301F-11D3-BF4B-00C04F79EFBC}") = "d2p2a", "d2p2a\d2p2a.csproj", "{0AF6305C-185F-401C-AE32-2FAF27DA6009}"
EndProject
Project("{FAE04EC0-301F-11D3-BF4B-00C04F79EFBC}") = "d3p1a", "d3p1a\d3p1a.csproj", "{1931BB55-48E7-4ED2-AC02-37E8D01320CC}"
EndProject
Project("{FAE04EC0-301F-11D3-BF4B-00C04F79EFBC}") = "d3p2a", "d3p2a\d3p2a.csproj", "{1EA47AD9-BB71-4977-A0EF-1EA06DF65BEF}"
EndProject
Global
	GlobalSection(SolutionConfigurationPlatforms) = preSolution
		Debug|Any CPU = Debug|Any CPU
		Release|Any CPU = Release|Any CPU
	EndGlobalSection
	GlobalSection(ProjectConfigurationPlatforms) = postSolution
		{BA0DFA90-C4FB-472E-B1E8-D9F3417C395F}.Debug|Any CPU.ActiveCfg = Debug|Any CPU
		{BA0DFA90-C4FB-472E-B1E8-D9F3417C395F}.Debug|Any CPU.Build.0 = Debug|Any CPU
		{BA0DFA90-C4FB-472E-B1E8-D9F3417C395F}.Release|Any CPU.ActiveCfg = Release|Any CPU
		{BA0DFA90-C4FB-472E-B1E8-D9F3417C395F}.Release|Any CPU.Build.0 = Release|Any CPU
		{EA929935-5257-4346-ABB3-C09CF515DF07}.Debug|Any CPU.ActiveCfg = Debug|Any CPU
		{EA929935-5257-4346-ABB3-C09CF515DF07}.Debug|Any CPU.Build.0 = Debug|Any CPU
		{EA929935-5257-4346-ABB3-C09CF515DF07}.Release|Any CPU.ActiveCfg = Release|Any CPU
		{EA929935-5257-4346-ABB3-C09CF515DF07}.Release|Any CPU.Build.0 = Release|Any CPU
		{88671421-8DE3-48EC-A709-007A627594EE}.Debug|Any CPU.ActiveCfg = Debug|Any CPU
		{88671421-8DE3-48EC-A709-007A627594EE}.Debug|Any CPU.Build.0 = Debug|Any CPU
		{88671421-8DE3-48EC-A709-007A627594EE}.Release|Any CPU.ActiveCfg = Release|Any CPU
		{88671421-8DE3-48EC-A709-007A627594EE}.Release|Any CPU.Build.0 = Release|Any CPU
		{0AF6305C-185F-401C-AE32-2FAF27DA6009}.Debug|Any CPU.ActiveCfg = Debug|Any CPU
		{0AF6305C-185F-401C-AE32-2FAF27DA6009}.Debug|Any CPU.Build.0 = Debug|Any CPU
		{0AF6305C-185F-401C-AE32-2FAF27DA6009}.Release|Any CPU.ActiveCfg = Release|Any CPU
		{0AF6305C-185F-401C-AE32-2FAF27DA6009}.Release|Any CPU.Build.0 = Release|Any CPU
		{1931BB55-48E7-4ED2-AC02-37E8D01320CC}.Debug|Any CPU.ActiveCfg = Debug|Any CPU
		{1931BB55-48E7-4ED2-AC02-37E8D01320CC}.Debug|Any CPU.Build.0 = Debug|Any CPU
		{1931BB55-48E7-4ED2-AC02-37E8D01320CC}.Release|Any CPU.ActiveCfg = Release|Any CPU
		{1931BB55-48E7-4ED2-AC02-37E8D01320CC}.Release|Any CPU.Build.0 = Release|Any CPU
		{1EA47AD9-BB71-4977-A0EF-1EA06DF65BEF}.Debug|Any CPU.ActiveCfg = Debug|Any CPU
		{1EA47AD9-BB71-4977-A0EF-1EA06DF65BEF}.Debug|Any CPU.Build.0 = Debug|Any CPU
		{1EA47AD9-BB71-4977-A0EF-1EA06DF65BEF}.Release|Any CPU.ActiveCfg = Release|Any CPU
		{1EA47AD9-BB71-4977-A0EF-1EA06DF65BEF}.Release|Any CPU.Build.0 = Release|Any CPU
	EndGlobalSection
EndGlobal
